
Microsoft Visual Studio Solution File, Format Version 12.00
# Visual Studio Version 17
VisualStudioVersion = 17.11.35312.102
MinimumVisualStudioVersion = 10.0.40219.1
Project("{2150E333-8FDC-42A3-9474-1A3956D46DE8}") = "Application", "Application", "{821AA183-C8CD-4DD4-BC02-0EA8556446C7}"
EndProject
Project("{2150E333-8FDC-42A3-9474-1A3956D46DE8}") = "Domain", "Domain", "{A3706386-6219-496A-B542-48BD493E87A7}"
EndProject
Project("{2150E333-8FDC-42A3-9474-1A3956D46DE8}") = "Infra.IoC", "Infra.IoC", "{A410D5F5-A220-4367-AE08-9FC2C8069F64}"
EndProject
Project("{2150E333-8FDC-42A3-9474-1A3956D46DE8}") = "Infra.Data", "Infra.Data", "{6ECE9F00-4DF5-47E2-BCA5-F06F49079D43}"
EndProject
Project("{2150E333-8FDC-42A3-9474-1A3956D46DE8}") = "Presentation", "Presentation", "{DB2C7AB1-BED0-4134-B04A-21AE937F48F1}"
EndProject
Project("{9A19103F-16F7-4668-BE54-9A1E7A4F7556}") = "CleanArch.Mvc", "CleanArch.Mvc\CleanArch.Mvc.csproj", "{5A8E6DAD-C0FB-43EB-9D35-3C00298C3402}"
EndProject
Project("{9A19103F-16F7-4668-BE54-9A1E7A4F7556}") = "ClearnArch.Domain", "ClearnArch.Domain\ClearnArch.Domain.csproj", "{17E2A90B-D124-4818-834A-8992A54F66F7}"
EndProject
Project("{FAE04EC0-301F-11D3-BF4B-00C04F79EFBC}") = "CleanArch.Infra.Data", "CleanArch.Infra.Data\CleanArch.Infra.Data.csproj", "{2DDC568B-588A-4460-A13D-B4D2B8C4E80B}"
EndProject
Project("{FAE04EC0-301F-11D3-BF4B-00C04F79EFBC}") = "CleanArch.Application", "CleanArch.Application\CleanArch.Application.csproj", "{15F60183-3EEC-41F5-9928-B6F76D2B0E5E}"
EndProject
Project("{FAE04EC0-301F-11D3-BF4B-00C04F79EFBC}") = "CleanArch.Infra.IoC", "CleanArch.Infra.IoC\CleanArch.Infra.IoC.csproj", "{0BBD7707-3F24-43EF-84EC-4DC5AF189C0E}"
EndProject
Project("{2150E333-8FDC-42A3-9474-1A3956D46DE8}") = "Infra.Bus", "Infra.Bus", "{AED066BF-9575-4DBE-8B15-F75D9E7EFC5E}"
EndProject
Project("{2150E333-8FDC-42A3-9474-1A3956D46DE8}") = "Api", "Api", "{B5C9B37B-EE36-4B05-BDFA-0FB2F5DD9F96}"
EndProject
Project("{FAE04EC0-301F-11D3-BF4B-00C04F79EFBC}") = "CleanArch.Infra.Bus", "CleanArch.Infra.Bus\CleanArch.Infra.Bus.csproj", "{E2E26ACC-9AB0-48F4-98D5-733323C5DF59}"
EndProject
Project("{FAE04EC0-301F-11D3-BF4B-00C04F79EFBC}") = "CleanArch.Domain.Core", "CleanArch.Domain.Core\CleanArch.Domain.Core.csproj", "{FCEB2C43-407A-4CA0-AEB4-B54F071F66F5}"
EndProject
Global
	GlobalSection(SolutionConfigurationPlatforms) = preSolution
		Debug|Any CPU = Debug|Any CPU
		Release|Any CPU = Release|Any CPU
	EndGlobalSection
	GlobalSection(ProjectConfigurationPlatforms) = postSolution
		{5A8E6DAD-C0FB-43EB-9D35-3C00298C3402}.Debug|Any CPU.ActiveCfg = Debug|Any CPU
		{5A8E6DAD-C0FB-43EB-9D35-3C00298C3402}.Debug|Any CPU.Build.0 = Debug|Any CPU
		{5A8E6DAD-C0FB-43EB-9D35-3C00298C3402}.Release|Any CPU.ActiveCfg = Release|Any CPU
		{5A8E6DAD-C0FB-43EB-9D35-3C00298C3402}.Release|Any CPU.Build.0 = Release|Any CPU
		{17E2A90B-D124-4818-834A-8992A54F66F7}.Debug|Any CPU.ActiveCfg = Debug|Any CPU
		{17E2A90B-D124-4818-834A-8992A54F66F7}.Debug|Any CPU.Build.0 = Debug|Any CPU
		{17E2A90B-D124-4818-834A-8992A54F66F7}.Release|Any CPU.ActiveCfg = Release|Any CPU
		{17E2A90B-D124-4818-834A-8992A54F66F7}.Release|Any CPU.Build.0 = Release|Any CPU
		{2DDC568B-588A-4460-A13D-B4D2B8C4E80B}.Debug|Any CPU.ActiveCfg = Debug|Any CPU
		{2DDC568B-588A-4460-A13D-B4D2B8C4E80B}.Debug|Any CPU.Build.0 = Debug|Any CPU
		{2DDC568B-588A-4460-A13D-B4D2B8C4E80B}.Release|Any CPU.ActiveCfg = Release|Any CPU
		{2DDC568B-588A-4460-A13D-B4D2B8C4E80B}.Release|Any CPU.Build.0 = Release|Any CPU
		{15F60183-3EEC-41F5-9928-B6F76D2B0E5E}.Debug|Any CPU.ActiveCfg = Debug|Any CPU
		{15F60183-3EEC-41F5-9928-B6F76D2B0E5E}.Debug|Any CPU.Build.0 = Debug|Any CPU
		{15F60183-3EEC-41F5-9928-B6F76D2B0E5E}.Release|Any CPU.ActiveCfg = Release|Any CPU
		{15F60183-3EEC-41F5-9928-B6F76D2B0E5E}.Release|Any CPU.Build.0 = Release|Any CPU
		{0BBD7707-3F24-43EF-84EC-4DC5AF189C0E}.Debug|Any CPU.ActiveCfg = Debug|Any CPU
		{0BBD7707-3F24-43EF-84EC-4DC5AF189C0E}.Debug|Any CPU.Build.0 = Debug|Any CPU
		{0BBD7707-3F24-43EF-84EC-4DC5AF189C0E}.Release|Any CPU.ActiveCfg = Release|Any CPU
		{0BBD7707-3F24-43EF-84EC-4DC5AF189C0E}.Release|Any CPU.Build.0 = Release|Any CPU
		{E2E26ACC-9AB0-48F4-98D5-733323C5DF59}.Debug|Any CPU.ActiveCfg = Debug|Any CPU
		{E2E26ACC-9AB0-48F4-98D5-733323C5DF59}.Debug|Any CPU.Build.0 = Debug|Any CPU
		{E2E26ACC-9AB0-48F4-98D5-733323C5DF59}.Release|Any CPU.ActiveCfg = Release|Any CPU
		{E2E26ACC-9AB0-48F4-98D5-733323C5DF59}.Release|Any CPU.Build.0 = Release|Any CPU
		{FCEB2C43-407A-4CA0-AEB4-B54F071F66F5}.Debug|Any CPU.ActiveCfg = Debug|Any CPU
		{FCEB2C43-407A-4CA0-AEB4-B54F071F66F5}.Debug|Any CPU.Build.0 = Debug|Any CPU
		{FCEB2C43-407A-4CA0-AEB4-B54F071F66F5}.Release|Any CPU.ActiveCfg = Release|Any CPU
		{FCEB2C43-407A-4CA0-AEB4-B54F071F66F5}.Release|Any CPU.Build.0 = Release|Any CPU
	EndGlobalSection
	GlobalSection(SolutionProperties) = preSolution
		HideSolutionNode = FALSE
	EndGlobalSection
	GlobalSection(NestedProjects) = preSolution
		{5A8E6DAD-C0FB-43EB-9D35-3C00298C3402} = {DB2C7AB1-BED0-4134-B04A-21AE937F48F1}
		{17E2A90B-D124-4818-834A-8992A54F66F7} = {A3706386-6219-496A-B542-48BD493E87A7}
		{2DDC568B-588A-4460-A13D-B4D2B8C4E80B} = {6ECE9F00-4DF5-47E2-BCA5-F06F49079D43}
		{15F60183-3EEC-41F5-9928-B6F76D2B0E5E} = {821AA183-C8CD-4DD4-BC02-0EA8556446C7}
		{0BBD7707-3F24-43EF-84EC-4DC5AF189C0E} = {A410D5F5-A220-4367-AE08-9FC2C8069F64}
		{E2E26ACC-9AB0-48F4-98D5-733323C5DF59} = {AED066BF-9575-4DBE-8B15-F75D9E7EFC5E}
		{FCEB2C43-407A-4CA0-AEB4-B54F071F66F5} = {A3706386-6219-496A-B542-48BD493E87A7}
	EndGlobalSection
	GlobalSection(ExtensibilityGlobals) = postSolution
		SolutionGuid = {627D59DD-584E-45D2-9393-12A0DFEE88FB}
	EndGlobalSection
EndGlobal
